
Microsoft Visual Studio Solution File, Format Version 12.00
# Visual Studio 15
VisualStudioVersion = 15.0.28010.2016
MinimumVisualStudioVersion = 10.0.40219.1
Project("{FAE04EC0-301F-11D3-BF4B-00C04F79EFBC}") = "DrawFlags", "DrawFlags\DrawFlags.csproj", "{D9E1E8D9-1AA0-4A0B-89EC-098A692C00A5}"
EndProject
Global
	GlobalSection(SolutionConfigurationPlatforms) = preSolution
		Debug|Any CPU = Debug|Any CPU
		Release|Any CPU = Release|Any CPU
	EndGlobalSection
	GlobalSection(ProjectConfigurationPlatforms) = postSolution
		{D9E1E8D9-1AA0-4A0B-89EC-098A692C00A5}.Debug|Any CPU.ActiveCfg = Debug|Any CPU
		{D9E1E8D9-1AA0-4A0B-89EC-098A692C00A5}.Debug|Any CPU.Build.0 = Debug|Any CPU
		{D9E1E8D9-1AA0-4A0B-89EC-098A692C00A5}.Release|Any CPU.ActiveCfg = Release|Any CPU
		{D9E1E8D9-1AA0-4A0B-89EC-098A692C00A5}.Release|Any CPU.Build.0 = Release|Any CPU
	EndGlobalSection
	GlobalSection(SolutionProperties) = preSolution
		HideSolutionNode = FALSE
	EndGlobalSection
	GlobalSection(ExtensibilityGlobals) = postSolution
		SolutionGuid = {F01AA410-17DC-46DA-8B14-506ED6E90264}
	EndGlobalSection
EndGlobal
